// !$*UTF8*$!
{
	archiveVersion = 1;
	classes = {
	};
	objectVersion = 56;
	objects = {

/* Begin PBXBuildFile section */
		F3169C3C2A2A895A00F48565 /* CustomerHomeViewModel.swift in Sources */ = {isa = PBXBuildFile; fileRef = F3169C3B2A2A895A00F48565 /* CustomerHomeViewModel.swift */; };
		F3169C3F2A2A8E0E00F48565 /* CustomerCartView.swift in Sources */ = {isa = PBXBuildFile; fileRef = F3169C3E2A2A8E0E00F48565 /* CustomerCartView.swift */; };
		F3CA95D52A326D9C00B47BF6 /* CustomerItemDetailView.swift in Sources */ = {isa = PBXBuildFile; fileRef = F3CA95D42A326D9C00B47BF6 /* CustomerItemDetailView.swift */; };
		F3CA95D72A326DED00B47BF6 /* CustomerCartViewModel.swift in Sources */ = {isa = PBXBuildFile; fileRef = F3CA95D62A326DED00B47BF6 /* CustomerCartViewModel.swift */; };
		F3D413DE2A27D81100308061 /* CustomerKit.docc in Sources */ = {isa = PBXBuildFile; fileRef = F3D413DD2A27D81100308061 /* CustomerKit.docc */; };
		F3D413E42A27D81200308061 /* CustomerKit.framework in Frameworks */ = {isa = PBXBuildFile; fileRef = F3D413D92A27D81100308061 /* CustomerKit.framework */; };
		F3D413E92A27D81200308061 /* CustomerKitTests.swift in Sources */ = {isa = PBXBuildFile; fileRef = F3D413E82A27D81200308061 /* CustomerKitTests.swift */; };
		F3D413EA2A27D81200308061 /* CustomerKit.h in Headers */ = {isa = PBXBuildFile; fileRef = F3D413DC2A27D81100308061 /* CustomerKit.h */; settings = {ATTRIBUTES = (Public, ); }; };
		F3D413F92A27D82E00308061 /* Domain.framework in Frameworks */ = {isa = PBXBuildFile; fileRef = F3D413F42A27D82E00308061 /* Domain.framework */; };
		F3D413FB2A27D82E00308061 /* Presentation.framework in Frameworks */ = {isa = PBXBuildFile; fileRef = F3D413F52A27D82E00308061 /* Presentation.framework */; };
		F3D413FD2A27D82E00308061 /* Resources.framework in Frameworks */ = {isa = PBXBuildFile; fileRef = F3D413F62A27D82E00308061 /* Resources.framework */; };
		F3D413FF2A27D82E00308061 /* Utilities.framework in Frameworks */ = {isa = PBXBuildFile; fileRef = F3D413F72A27D82E00308061 /* Utilities.framework */; };
		F3D414012A27D82E00308061 /* Webservice.framework in Frameworks */ = {isa = PBXBuildFile; fileRef = F3D413F82A27D82E00308061 /* Webservice.framework */; };
		F3D414062A27D87800308061 /* CustomerLandingView.swift in Sources */ = {isa = PBXBuildFile; fileRef = F3D414052A27D87800308061 /* CustomerLandingView.swift */; };
		F3D4140D2A27D9CB00308061 /* CustomerLandingViewRouter.swift in Sources */ = {isa = PBXBuildFile; fileRef = F3D4140C2A27D9CB00308061 /* CustomerLandingViewRouter.swift */; };
		F3D4141A2A29229500308061 /* CustomerHomeView.swift in Sources */ = {isa = PBXBuildFile; fileRef = F3D414192A29229500308061 /* CustomerHomeView.swift */; };
		F3D4141C2A2922A000308061 /* CustomerItemsSearchView.swift in Sources */ = {isa = PBXBuildFile; fileRef = F3D4141B2A2922A000308061 /* CustomerItemsSearchView.swift */; };
		F3D4141F2A29233000308061 /* CustomerSettingsView.swift in Sources */ = {isa = PBXBuildFile; fileRef = F3D4141E2A29233000308061 /* CustomerSettingsView.swift */; };
		F3E608192A2BC43000645DB0 /* CustomAssets.xcassets in Resources */ = {isa = PBXBuildFile; fileRef = F3E608182A2BC42F00645DB0 /* CustomAssets.xcassets */; };
/* End PBXBuildFile section */

/* Begin PBXContainerItemProxy section */
		F3D413E52A27D81200308061 /* PBXContainerItemProxy */ = {
			isa = PBXContainerItemProxy;
			containerPortal = F3D413D02A27D81100308061 /* Project object */;
			proxyType = 1;
			remoteGlobalIDString = F3D413D82A27D81100308061;
			remoteInfo = CustomerKit;
		};
/* End PBXContainerItemProxy section */

/* Begin PBXFileReference section */
		F3169C3B2A2A895A00F48565 /* CustomerHomeViewModel.swift */ = {isa = PBXFileReference; lastKnownFileType = sourcecode.swift; path = CustomerHomeViewModel.swift; sourceTree = "<group>"; };
		F3169C3E2A2A8E0E00F48565 /* CustomerCartView.swift */ = {isa = PBXFileReference; lastKnownFileType = sourcecode.swift; path = CustomerCartView.swift; sourceTree = "<group>"; };
		F3CA95D42A326D9C00B47BF6 /* CustomerItemDetailView.swift */ = {isa = PBXFileReference; fileEncoding = 4; lastKnownFileType = sourcecode.swift; path = CustomerItemDetailView.swift; sourceTree = "<group>"; };
		F3CA95D62A326DED00B47BF6 /* CustomerCartViewModel.swift */ = {isa = PBXFileReference; lastKnownFileType = sourcecode.swift; path = CustomerCartViewModel.swift; sourceTree = "<group>"; };
		F3D413D92A27D81100308061 /* CustomerKit.framework */ = {isa = PBXFileReference; explicitFileType = wrapper.framework; includeInIndex = 0; path = CustomerKit.framework; sourceTree = BUILT_PRODUCTS_DIR; };
		F3D413DC2A27D81100308061 /* CustomerKit.h */ = {isa = PBXFileReference; lastKnownFileType = sourcecode.c.h; path = CustomerKit.h; sourceTree = "<group>"; };
		F3D413DD2A27D81100308061 /* CustomerKit.docc */ = {isa = PBXFileReference; lastKnownFileType = folder.documentationcatalog; path = CustomerKit.docc; sourceTree = "<group>"; };
		F3D413E32A27D81200308061 /* CustomerKitTests.xctest */ = {isa = PBXFileReference; explicitFileType = wrapper.cfbundle; includeInIndex = 0; path = CustomerKitTests.xctest; sourceTree = BUILT_PRODUCTS_DIR; };
		F3D413E82A27D81200308061 /* CustomerKitTests.swift */ = {isa = PBXFileReference; lastKnownFileType = sourcecode.swift; path = CustomerKitTests.swift; sourceTree = "<group>"; };
		F3D413F42A27D82E00308061 /* Domain.framework */ = {isa = PBXFileReference; explicitFileType = wrapper.framework; path = Domain.framework; sourceTree = BUILT_PRODUCTS_DIR; };
		F3D413F52A27D82E00308061 /* Presentation.framework */ = {isa = PBXFileReference; explicitFileType = wrapper.framework; path = Presentation.framework; sourceTree = BUILT_PRODUCTS_DIR; };
		F3D413F62A27D82E00308061 /* Resources.framework */ = {isa = PBXFileReference; explicitFileType = wrapper.framework; path = Resources.framework; sourceTree = BUILT_PRODUCTS_DIR; };
		F3D413F72A27D82E00308061 /* Utilities.framework */ = {isa = PBXFileReference; explicitFileType = wrapper.framework; path = Utilities.framework; sourceTree = BUILT_PRODUCTS_DIR; };
		F3D413F82A27D82E00308061 /* Webservice.framework */ = {isa = PBXFileReference; explicitFileType = wrapper.framework; path = Webservice.framework; sourceTree = BUILT_PRODUCTS_DIR; };
		F3D414052A27D87800308061 /* CustomerLandingView.swift */ = {isa = PBXFileReference; lastKnownFileType = sourcecode.swift; path = CustomerLandingView.swift; sourceTree = "<group>"; };
		F3D4140C2A27D9CB00308061 /* CustomerLandingViewRouter.swift */ = {isa = PBXFileReference; lastKnownFileType = sourcecode.swift; path = CustomerLandingViewRouter.swift; sourceTree = "<group>"; };
		F3D414192A29229500308061 /* CustomerHomeView.swift */ = {isa = PBXFileReference; lastKnownFileType = sourcecode.swift; path = CustomerHomeView.swift; sourceTree = "<group>"; };
		F3D4141B2A2922A000308061 /* CustomerItemsSearchView.swift */ = {isa = PBXFileReference; lastKnownFileType = sourcecode.swift; path = CustomerItemsSearchView.swift; sourceTree = "<group>"; };
		F3D4141E2A29233000308061 /* CustomerSettingsView.swift */ = {isa = PBXFileReference; lastKnownFileType = sourcecode.swift; path = CustomerSettingsView.swift; sourceTree = "<group>"; };
		F3E608182A2BC42F00645DB0 /* CustomAssets.xcassets */ = {isa = PBXFileReference; lastKnownFileType = folder.assetcatalog; name = CustomAssets.xcassets; path = ../../Resources/Resources/CustomAssets.xcassets; sourceTree = "<group>"; };
/* End PBXFileReference section */

/* Begin PBXFrameworksBuildPhase section */
		F3D413D62A27D81100308061 /* Frameworks */ = {
			isa = PBXFrameworksBuildPhase;
			buildActionMask = 2147483647;
			files = (
				F3D413FB2A27D82E00308061 /* Presentation.framework in Frameworks */,
				F3D413F92A27D82E00308061 /* Domain.framework in Frameworks */,
				F3D413FD2A27D82E00308061 /* Resources.framework in Frameworks */,
				F3D413FF2A27D82E00308061 /* Utilities.framework in Frameworks */,
				F3D414012A27D82E00308061 /* Webservice.framework in Frameworks */,
			);
			runOnlyForDeploymentPostprocessing = 0;
		};
		F3D413E02A27D81200308061 /* Frameworks */ = {
			isa = PBXFrameworksBuildPhase;
			buildActionMask = 2147483647;
			files = (
				F3D413E42A27D81200308061 /* CustomerKit.framework in Frameworks */,
			);
			runOnlyForDeploymentPostprocessing = 0;
		};
/* End PBXFrameworksBuildPhase section */

/* Begin PBXGroup section */
		F3169C3D2A2A8DFB00F48565 /* CustomerCartView */ = {
			isa = PBXGroup;
			children = (
				F3169C3E2A2A8E0E00F48565 /* CustomerCartView.swift */,
				F3CA95D62A326DED00B47BF6 /* CustomerCartViewModel.swift */,
			);
			path = CustomerCartView;
			sourceTree = "<group>";
		};
		F3CA95D32A326D8F00B47BF6 /* CustomerItemDetailView */ = {
			isa = PBXGroup;
			children = (
				F3CA95D42A326D9C00B47BF6 /* CustomerItemDetailView.swift */,
			);
			path = CustomerItemDetailView;
			sourceTree = "<group>";
		};
		F3D413CF2A27D81100308061 = {
			isa = PBXGroup;
			children = (
				F3D413DB2A27D81100308061 /* CustomerKit */,
				F3D413E72A27D81200308061 /* CustomerKitTests */,
				F3D413DA2A27D81100308061 /* Products */,
				F3D413F32A27D82E00308061 /* Frameworks */,
			);
			sourceTree = "<group>";
		};
		F3D413DA2A27D81100308061 /* Products */ = {
			isa = PBXGroup;
			children = (
				F3D413D92A27D81100308061 /* CustomerKit.framework */,
				F3D413E32A27D81200308061 /* CustomerKitTests.xctest */,
			);
			name = Products;
			sourceTree = "<group>";
		};
		F3D413DB2A27D81100308061 /* CustomerKit */ = {
			isa = PBXGroup;
			children = (
				F3CA95D32A326D8F00B47BF6 /* CustomerItemDetailView */,
				F3D414042A27D86200308061 /* CustomerLandingView */,
				F3D414182A29227C00308061 /* CustomerHomeView */,
				F3169C3D2A2A8DFB00F48565 /* CustomerCartView */,
				F3D4141D2A29232600308061 /* CustomerSettingsView */,
				F3D414172A29226C00308061 /* CustomerStoreView */,
				F3D413DC2A27D81100308061 /* CustomerKit.h */,
				F3E608182A2BC42F00645DB0 /* CustomAssets.xcassets */,
				F3D413DD2A27D81100308061 /* CustomerKit.docc */,
			);
			path = CustomerKit;
			sourceTree = "<group>";
		};
		F3D413E72A27D81200308061 /* CustomerKitTests */ = {
			isa = PBXGroup;
			children = (
				F3D413E82A27D81200308061 /* CustomerKitTests.swift */,
			);
			path = CustomerKitTests;
			sourceTree = "<group>";
		};
		F3D413F32A27D82E00308061 /* Frameworks */ = {
			isa = PBXGroup;
			children = (
				F3D413F42A27D82E00308061 /* Domain.framework */,
				F3D413F52A27D82E00308061 /* Presentation.framework */,
				F3D413F62A27D82E00308061 /* Resources.framework */,
				F3D413F72A27D82E00308061 /* Utilities.framework */,
				F3D413F82A27D82E00308061 /* Webservice.framework */,
			);
			name = Frameworks;
			sourceTree = "<group>";
		};
		F3D414042A27D86200308061 /* CustomerLandingView */ = {
			isa = PBXGroup;
			children = (
				F3D4140C2A27D9CB00308061 /* CustomerLandingViewRouter.swift */,
				F3D414052A27D87800308061 /* CustomerLandingView.swift */,
			);
			path = CustomerLandingView;
			sourceTree = "<group>";
		};
		F3D414172A29226C00308061 /* CustomerStoreView */ = {
			isa = PBXGroup;
			children = (
				F3D4141B2A2922A000308061 /* CustomerItemsSearchView.swift */,
			);
			path = CustomerStoreView;
			sourceTree = "<group>";
		};
		F3D414182A29227C00308061 /* CustomerHomeView */ = {
			isa = PBXGroup;
			children = (
				F3D414192A29229500308061 /* CustomerHomeView.swift */,
				F3169C3B2A2A895A00F48565 /* CustomerHomeViewModel.swift */,
			);
			path = CustomerHomeView;
			sourceTree = "<group>";
		};
		F3D4141D2A29232600308061 /* CustomerSettingsView */ = {
			isa = PBXGroup;
			children = (
				F3D4141E2A29233000308061 /* CustomerSettingsView.swift */,
			);
			path = CustomerSettingsView;
			sourceTree = "<group>";
		};
/* End PBXGroup section */

/* Begin PBXHeadersBuildPhase section */
		F3D413D42A27D81100308061 /* Headers */ = {
			isa = PBXHeadersBuildPhase;
			buildActionMask = 2147483647;
			files = (
				F3D413EA2A27D81200308061 /* CustomerKit.h in Headers */,
			);
			runOnlyForDeploymentPostprocessing = 0;
		};
/* End PBXHeadersBuildPhase section */

/* Begin PBXNativeTarget section */
		F3D413D82A27D81100308061 /* CustomerKit */ = {
			isa = PBXNativeTarget;
			buildConfigurationList = F3D413ED2A27D81200308061 /* Build configuration list for PBXNativeTarget "CustomerKit" */;
			buildPhases = (
				F3D413D42A27D81100308061 /* Headers */,
				F3D413D52A27D81100308061 /* Sources */,
				F3D413D62A27D81100308061 /* Frameworks */,
				F3D413D72A27D81100308061 /* Resources */,
			);
			buildRules = (
			);
			dependencies = (
			);
			name = CustomerKit;
			productName = CustomerKit;
			productReference = F3D413D92A27D81100308061 /* CustomerKit.framework */;
			productType = "com.apple.product-type.framework";
		};
		F3D413E22A27D81200308061 /* CustomerKitTests */ = {
			isa = PBXNativeTarget;
			buildConfigurationList = F3D413F02A27D81200308061 /* Build configuration list for PBXNativeTarget "CustomerKitTests" */;
			buildPhases = (
				F3D413DF2A27D81200308061 /* Sources */,
				F3D413E02A27D81200308061 /* Frameworks */,
				F3D413E12A27D81200308061 /* Resources */,
			);
			buildRules = (
			);
			dependencies = (
				F3D413E62A27D81200308061 /* PBXTargetDependency */,
			);
			name = CustomerKitTests;
			productName = CustomerKitTests;
			productReference = F3D413E32A27D81200308061 /* CustomerKitTests.xctest */;
			productType = "com.apple.product-type.bundle.unit-test";
		};
/* End PBXNativeTarget section */

/* Begin PBXProject section */
		F3D413D02A27D81100308061 /* Project object */ = {
			isa = PBXProject;
			attributes = {
				BuildIndependentTargetsInParallel = 1;
				LastSwiftUpdateCheck = 1430;
				LastUpgradeCheck = 1430;
				TargetAttributes = {
					F3D413D82A27D81100308061 = {
						CreatedOnToolsVersion = 14.3;
					};
					F3D413E22A27D81200308061 = {
						CreatedOnToolsVersion = 14.3;
					};
				};
			};
			buildConfigurationList = F3D413D32A27D81100308061 /* Build configuration list for PBXProject "CustomerKit" */;
			compatibilityVersion = "Xcode 14.0";
			developmentRegion = en;
			hasScannedForEncodings = 0;
			knownRegions = (
				en,
				Base,
			);
			mainGroup = F3D413CF2A27D81100308061;
			productRefGroup = F3D413DA2A27D81100308061 /* Products */;
			projectDirPath = "";
			projectRoot = "";
			targets = (
				F3D413D82A27D81100308061 /* CustomerKit */,
				F3D413E22A27D81200308061 /* CustomerKitTests */,
			);
		};
/* End PBXProject section */

/* Begin PBXResourcesBuildPhase section */
		F3D413D72A27D81100308061 /* Resources */ = {
			isa = PBXResourcesBuildPhase;
			buildActionMask = 2147483647;
			files = (
				F3E608192A2BC43000645DB0 /* CustomAssets.xcassets in Resources */,
			);
			runOnlyForDeploymentPostprocessing = 0;
		};
		F3D413E12A27D81200308061 /* Resources */ = {
			isa = PBXResourcesBuildPhase;
			buildActionMask = 2147483647;
			files = (
			);
			runOnlyForDeploymentPostprocessing = 0;
		};
/* End PBXResourcesBuildPhase section */

/* Begin PBXSourcesBuildPhase section */
		F3D413D52A27D81100308061 /* Sources */ = {
			isa = PBXSourcesBuildPhase;
			buildActionMask = 2147483647;
			files = (
				F3CA95D72A326DED00B47BF6 /* CustomerCartViewModel.swift in Sources */,
				F3169C3F2A2A8E0E00F48565 /* CustomerCartView.swift in Sources */,
				F3D414062A27D87800308061 /* CustomerLandingView.swift in Sources */,
				F3D413DE2A27D81100308061 /* CustomerKit.docc in Sources */,
				F3CA95D52A326D9C00B47BF6 /* CustomerItemDetailView.swift in Sources */,
				F3D4141C2A2922A000308061 /* CustomerItemsSearchView.swift in Sources */,
				F3D4140D2A27D9CB00308061 /* CustomerLandingViewRouter.swift in Sources */,
				F3D4141A2A29229500308061 /* CustomerHomeView.swift in Sources */,
				F3169C3C2A2A895A00F48565 /* CustomerHomeViewModel.swift in Sources */,
				F3D4141F2A29233000308061 /* CustomerSettingsView.swift in Sources */,
			);
			runOnlyForDeploymentPostprocessing = 0;
		};
		F3D413DF2A27D81200308061 /* Sources */ = {
			isa = PBXSourcesBuildPhase;
			buildActionMask = 2147483647;
			files = (
				F3D413E92A27D81200308061 /* CustomerKitTests.swift in Sources */,
			);
			runOnlyForDeploymentPostprocessing = 0;
		};
/* End PBXSourcesBuildPhase section */

/* Begin PBXTargetDependency section */
		F3D413E62A27D81200308061 /* PBXTargetDependency */ = {
			isa = PBXTargetDependency;
			target = F3D413D82A27D81100308061 /* CustomerKit */;
			targetProxy = F3D413E52A27D81200308061 /* PBXContainerItemProxy */;
		};
/* End PBXTargetDependency section */

/* Begin XCBuildConfiguration section */
		F3D413EB2A27D81200308061 /* Debug */ = {
			isa = XCBuildConfiguration;
			buildSettings = {
				ALWAYS_SEARCH_USER_PATHS = NO;
				CLANG_ANALYZER_NONNULL = YES;
				CLANG_ANALYZER_NUMBER_OBJECT_CONVERSION = YES_AGGRESSIVE;
				CLANG_CXX_LANGUAGE_STANDARD = "gnu++20";
				CLANG_ENABLE_MODULES = YES;
				CLANG_ENABLE_OBJC_ARC = YES;
				CLANG_ENABLE_OBJC_WEAK = YES;
				CLANG_WARN_BLOCK_CAPTURE_AUTORELEASING = YES;
				CLANG_WARN_BOOL_CONVERSION = YES;
				CLANG_WARN_COMMA = YES;
				CLANG_WARN_CONSTANT_CONVERSION = YES;
				CLANG_WARN_DEPRECATED_OBJC_IMPLEMENTATIONS = YES;
				CLANG_WARN_DIRECT_OBJC_ISA_USAGE = YES_ERROR;
				CLANG_WARN_DOCUMENTATION_COMMENTS = YES;
				CLANG_WARN_EMPTY_BODY = YES;
				CLANG_WARN_ENUM_CONVERSION = YES;
				CLANG_WARN_INFINITE_RECURSION = YES;
				CLANG_WARN_INT_CONVERSION = YES;
				CLANG_WARN_NON_LITERAL_NULL_CONVERSION = YES;
				CLANG_WARN_OBJC_IMPLICIT_RETAIN_SELF = YES;
				CLANG_WARN_OBJC_LITERAL_CONVERSION = YES;
				CLANG_WARN_OBJC_ROOT_CLASS = YES_ERROR;
				CLANG_WARN_QUOTED_INCLUDE_IN_FRAMEWORK_HEADER = YES;
				CLANG_WARN_RANGE_LOOP_ANALYSIS = YES;
				CLANG_WARN_STRICT_PROTOTYPES = YES;
				CLANG_WARN_SUSPICIOUS_MOVE = YES;
				CLANG_WARN_UNGUARDED_AVAILABILITY = YES_AGGRESSIVE;
				CLANG_WARN_UNREACHABLE_CODE = YES;
				CLANG_WARN__DUPLICATE_METHOD_MATCH = YES;
				COPY_PHASE_STRIP = NO;
				CURRENT_PROJECT_VERSION = 1;
				DEBUG_INFORMATION_FORMAT = dwarf;
				ENABLE_STRICT_OBJC_MSGSEND = YES;
				ENABLE_TESTABILITY = YES;
				GCC_C_LANGUAGE_STANDARD = gnu11;
				GCC_DYNAMIC_NO_PIC = NO;
				GCC_NO_COMMON_BLOCKS = YES;
				GCC_OPTIMIZATION_LEVEL = 0;
				GCC_PREPROCESSOR_DEFINITIONS = (
					"DEBUG=1",
					"$(inherited)",
				);
				GCC_WARN_64_TO_32_BIT_CONVERSION = YES;
				GCC_WARN_ABOUT_RETURN_TYPE = YES_ERROR;
				GCC_WARN_UNDECLARED_SELECTOR = YES;
				GCC_WARN_UNINITIALIZED_AUTOS = YES_AGGRESSIVE;
				GCC_WARN_UNUSED_FUNCTION = YES;
				GCC_WARN_UNUSED_VARIABLE = YES;
				IPHONEOS_DEPLOYMENT_TARGET = 16.4;
				MTL_ENABLE_DEBUG_INFO = INCLUDE_SOURCE;
				MTL_FAST_MATH = YES;
				ONLY_ACTIVE_ARCH = YES;
				SDKROOT = iphoneos;
				SWIFT_ACTIVE_COMPILATION_CONDITIONS = DEBUG;
				SWIFT_OPTIMIZATION_LEVEL = "-Onone";
				VERSIONING_SYSTEM = "apple-generic";
				VERSION_INFO_PREFIX = "";
			};
			name = Debug;
		};
		F3D413EC2A27D81200308061 /* Release */ = {
			isa = XCBuildConfiguration;
			buildSettings = {
				ALWAYS_SEARCH_USER_PATHS = NO;
				CLANG_ANALYZER_NONNULL = YES;
				CLANG_ANALYZER_NUMBER_OBJECT_CONVERSION = YES_AGGRESSIVE;
				CLANG_CXX_LANGUAGE_STANDARD = "gnu++20";
				CLANG_ENABLE_MODULES = YES;
				CLANG_ENABLE_OBJC_ARC = YES;
				CLANG_ENABLE_OBJC_WEAK = YES;
				CLANG_WARN_BLOCK_CAPTURE_AUTORELEASING = YES;
				CLANG_WARN_BOOL_CONVERSION = YES;
				CLANG_WARN_COMMA = YES;
				CLANG_WARN_CONSTANT_CONVERSION = YES;
				CLANG_WARN_DEPRECATED_OBJC_IMPLEMENTATIONS = YES;
				CLANG_WARN_DIRECT_OBJC_ISA_USAGE = YES_ERROR;
				CLANG_WARN_DOCUMENTATION_COMMENTS = YES;
				CLANG_WARN_EMPTY_BODY = YES;
				CLANG_WARN_ENUM_CONVERSION = YES;
				CLANG_WARN_INFINITE_RECURSION = YES;
				CLANG_WARN_INT_CONVERSION = YES;
				CLANG_WARN_NON_LITERAL_NULL_CONVERSION = YES;
				CLANG_WARN_OBJC_IMPLICIT_RETAIN_SELF = YES;
				CLANG_WARN_OBJC_LITERAL_CONVERSION = YES;
				CLANG_WARN_OBJC_ROOT_CLASS = YES_ERROR;
				CLANG_WARN_QUOTED_INCLUDE_IN_FRAMEWORK_HEADER = YES;
				CLANG_WARN_RANGE_LOOP_ANALYSIS = YES;
				CLANG_WARN_STRICT_PROTOTYPES = YES;
				CLANG_WARN_SUSPICIOUS_MOVE = YES;
				CLANG_WARN_UNGUARDED_AVAILABILITY = YES_AGGRESSIVE;
				CLANG_WARN_UNREACHABLE_CODE = YES;
				CLANG_WARN__DUPLICATE_METHOD_MATCH = YES;
				COPY_PHASE_STRIP = NO;
				CURRENT_PROJECT_VERSION = 1;
				DEBUG_INFORMATION_FORMAT = "dwarf-with-dsym";
				ENABLE_NS_ASSERTIONS = NO;
				ENABLE_STRICT_OBJC_MSGSEND = YES;
				GCC_C_LANGUAGE_STANDARD = gnu11;
				GCC_NO_COMMON_BLOCKS = YES;
				GCC_WARN_64_TO_32_BIT_CONVERSION = YES;
				GCC_WARN_ABOUT_RETURN_TYPE = YES_ERROR;
				GCC_WARN_UNDECLARED_SELECTOR = YES;
				GCC_WARN_UNINITIALIZED_AUTOS = YES_AGGRESSIVE;
				GCC_WARN_UNUSED_FUNCTION = YES;
				GCC_WARN_UNUSED_VARIABLE = YES;
				IPHONEOS_DEPLOYMENT_TARGET = 16.4;
				MTL_ENABLE_DEBUG_INFO = NO;
				MTL_FAST_MATH = YES;
				SDKROOT = iphoneos;
				SWIFT_COMPILATION_MODE = wholemodule;
				SWIFT_OPTIMIZATION_LEVEL = "-O";
				VALIDATE_PRODUCT = YES;
				VERSIONING_SYSTEM = "apple-generic";
				VERSION_INFO_PREFIX = "";
			};
			name = Release;
		};
		F3D413EE2A27D81200308061 /* Debug */ = {
			isa = XCBuildConfiguration;
			buildSettings = {
				CODE_SIGN_STYLE = Automatic;
				CURRENT_PROJECT_VERSION = 1;
				DEFINES_MODULE = YES;
				DYLIB_COMPATIBILITY_VERSION = 1;
				DYLIB_CURRENT_VERSION = 1;
				DYLIB_INSTALL_NAME_BASE = "@rpath";
				ENABLE_MODULE_VERIFIER = YES;
				FRAMEWORK_SEARCH_PATHS = "$(SRCROOT)/Resources/Resources/**";
				GENERATE_INFOPLIST_FILE = YES;
				INFOPLIST_KEY_NSHumanReadableCopyright = "";
				INSTALL_PATH = "$(LOCAL_LIBRARY_DIR)/Frameworks";
				IPHONEOS_DEPLOYMENT_TARGET = 15.0;
				LD_RUNPATH_SEARCH_PATHS = (
					"$(inherited)",
					"@executable_path/Frameworks",
					"@loader_path/Frameworks",
				);
				MARKETING_VERSION = 1.0;
				MODULE_VERIFIER_SUPPORTED_LANGUAGES = "objective-c objective-c++";
				MODULE_VERIFIER_SUPPORTED_LANGUAGE_STANDARDS = "gnu11 gnu++20";
				PRODUCT_BUNDLE_IDENTIFIER = com.warrd.adlani.CustomerKit;
				PRODUCT_NAME = "$(TARGET_NAME:c99extidentifier)";
				SKIP_INSTALL = YES;
				SUPPORTED_PLATFORMS = "iphoneos iphonesimulator";
				SUPPORTS_MACCATALYST = NO;
				SUPPORTS_MAC_DESIGNED_FOR_IPHONE_IPAD = NO;
				SWIFT_EMIT_LOC_STRINGS = YES;
				SWIFT_VERSION = 5.0;
				TARGETED_DEVICE_FAMILY = "1,2";
			};
			name = Debug;
		};
		F3D413EF2A27D81200308061 /* Release */ = {
			isa = XCBuildConfiguration;
			buildSettings = {
				CODE_SIGN_STYLE = Automatic;
				CURRENT_PROJECT_VERSION = 1;
				DEFINES_MODULE = YES;
				DYLIB_COMPATIBILITY_VERSION = 1;
				DYLIB_CURRENT_VERSION = 1;
				DYLIB_INSTALL_NAME_BASE = "@rpath";
				ENABLE_MODULE_VERIFIER = YES;
				GENERATE_INFOPLIST_FILE = YES;
				INFOPLIST_KEY_NSHumanReadableCopyright = "";
				INSTALL_PATH = "$(LOCAL_LIBRARY_DIR)/Frameworks";
				IPHONEOS_DEPLOYMENT_TARGET = 15.0;
				LD_RUNPATH_SEARCH_PATHS = (
					"$(inherited)",
					"@executable_path/Frameworks",
					"@loader_path/Frameworks",
				);
				MARKETING_VERSION = 1.0;
				MODULE_VERIFIER_SUPPORTED_LANGUAGES = "objective-c objective-c++";
				MODULE_VERIFIER_SUPPORTED_LANGUAGE_STANDARDS = "gnu11 gnu++20";
				PRODUCT_BUNDLE_IDENTIFIER = com.warrd.adlani.CustomerKit;
				PRODUCT_NAME = "$(TARGET_NAME:c99extidentifier)";
				SKIP_INSTALL = YES;
				SUPPORTED_PLATFORMS = "iphoneos iphonesimulator";
				SUPPORTS_MACCATALYST = NO;
				SUPPORTS_MAC_DESIGNED_FOR_IPHONE_IPAD = NO;
				SWIFT_EMIT_LOC_STRINGS = YES;
				SWIFT_VERSION = 5.0;
				TARGETED_DEVICE_FAMILY = "1,2";
			};
			name = Release;
		};
		F3D413F12A27D81200308061 /* Debug */ = {
			isa = XCBuildConfiguration;
			buildSettings = {
				ALWAYS_EMBED_SWIFT_STANDARD_LIBRARIES = YES;
				CODE_SIGN_STYLE = Automatic;
				CURRENT_PROJECT_VERSION = 1;
				GENERATE_INFOPLIST_FILE = YES;
				MARKETING_VERSION = 1.0;
				PRODUCT_BUNDLE_IDENTIFIER = com.warrd.adlani.CustomerKitTests;
				PRODUCT_NAME = "$(TARGET_NAME)";
				SWIFT_EMIT_LOC_STRINGS = NO;
				SWIFT_VERSION = 5.0;
				TARGETED_DEVICE_FAMILY = "1,2";
			};
			name = Debug;
		};
		F3D413F22A27D81200308061 /* Release */ = {
			isa = XCBuildConfiguration;
			buildSettings = {
				ALWAYS_EMBED_SWIFT_STANDARD_LIBRARIES = YES;
				CODE_SIGN_STYLE = Automatic;
				CURRENT_PROJECT_VERSION = 1;
				GENERATE_INFOPLIST_FILE = YES;
				MARKETING_VERSION = 1.0;
				PRODUCT_BUNDLE_IDENTIFIER = com.warrd.adlani.CustomerKitTests;
				PRODUCT_NAME = "$(TARGET_NAME)";
				SWIFT_EMIT_LOC_STRINGS = NO;
				SWIFT_VERSION = 5.0;
				TARGETED_DEVICE_FAMILY = "1,2";
			};
			name = Release;
		};
/* End XCBuildConfiguration section */

/* Begin XCConfigurationList section */
		F3D413D32A27D81100308061 /* Build configuration list for PBXProject "CustomerKit" */ = {
			isa = XCConfigurationList;
			buildConfigurations = (
				F3D413EB2A27D81200308061 /* Debug */,
				F3D413EC2A27D81200308061 /* Release */,
			);
			defaultConfigurationIsVisible = 0;
			defaultConfigurationName = Release;
		};
		F3D413ED2A27D81200308061 /* Build configuration list for PBXNativeTarget "CustomerKit" */ = {
			isa = XCConfigurationList;
			buildConfigurations = (
				F3D413EE2A27D81200308061 /* Debug */,
				F3D413EF2A27D81200308061 /* Release */,
			);
			defaultConfigurationIsVisible = 0;
			defaultConfigurationName = Release;
		};
		F3D413F02A27D81200308061 /* Build configuration list for PBXNativeTarget "CustomerKitTests" */ = {
			isa = XCConfigurationList;
			buildConfigurations = (
				F3D413F12A27D81200308061 /* Debug */,
				F3D413F22A27D81200308061 /* Release */,
			);
			defaultConfigurationIsVisible = 0;
			defaultConfigurationName = Release;
		};
/* End XCConfigurationList section */
	};
	rootObject = F3D413D02A27D81100308061 /* Project object */;
}
