// !$*UTF8*$!
{
	archiveVersion = 1;
	classes = {
	};
	objectVersion = 56;
	objects = {

/* Begin PBXBuildFile section */
		F3169C382A2A84DF00F48565 /* ItemDetailView.swift in Sources */ = {isa = PBXBuildFile; fileRef = F3169C372A2A84DF00F48565 /* ItemDetailView.swift */; };
		F3169C412A2B91E800F48565 /* CustomAssets.xcassets in Resources */ = {isa = PBXBuildFile; fileRef = F3169C402A2B91E800F48565 /* CustomAssets.xcassets */; };
		F3D413A62A27D6C900308061 /* Presentation.docc in Sources */ = {isa = PBXBuildFile; fileRef = F3D413A52A27D6C900308061 /* Presentation.docc */; };
		F3D413AC2A27D6C900308061 /* Presentation.framework in Frameworks */ = {isa = PBXBuildFile; fileRef = F3D413A12A27D6C900308061 /* Presentation.framework */; };
		F3D413B12A27D6C900308061 /* PresentationTests.swift in Sources */ = {isa = PBXBuildFile; fileRef = F3D413B02A27D6C900308061 /* PresentationTests.swift */; };
		F3D413B22A27D6C900308061 /* Presentation.h in Headers */ = {isa = PBXBuildFile; fileRef = F3D413A42A27D6C900308061 /* Presentation.h */; settings = {ATTRIBUTES = (Public, ); }; };
		F3D413BC2A27D6E200308061 /* WideButton.swift in Sources */ = {isa = PBXBuildFile; fileRef = F3D413BB2A27D6E200308061 /* WideButton.swift */; };
		F3D413C12A27D70500308061 /* Domain.framework in Frameworks */ = {isa = PBXBuildFile; fileRef = F3D413BE2A27D70500308061 /* Domain.framework */; };
		F3D413C32A27D70600308061 /* Resources.framework in Frameworks */ = {isa = PBXBuildFile; fileRef = F3D413BF2A27D70500308061 /* Resources.framework */; };
		F3D413C52A27D70600308061 /* Utilities.framework in Frameworks */ = {isa = PBXBuildFile; fileRef = F3D413C02A27D70500308061 /* Utilities.framework */; };
		F3D414162A29133600308061 /* NavigationBarView.swift in Sources */ = {isa = PBXBuildFile; fileRef = F3D414152A29133600308061 /* NavigationBarView.swift */; };
		F3D414212A2934BC00308061 /* ItemsCollectionView.swift in Sources */ = {isa = PBXBuildFile; fileRef = F3D414202A2934BC00308061 /* ItemsCollectionView.swift */; };
		F3E608152A2B99EA00645DB0 /* VStack+Extensions.swift in Sources */ = {isa = PBXBuildFile; fileRef = F3E608142A2B99EA00645DB0 /* VStack+Extensions.swift */; };
		F3E608202A2D113300645DB0 /* PageControl.swift in Sources */ = {isa = PBXBuildFile; fileRef = F3E6081F2A2D113300645DB0 /* PageControl.swift */; };
/* End PBXBuildFile section */

/* Begin PBXContainerItemProxy section */
		F3D413AD2A27D6C900308061 /* PBXContainerItemProxy */ = {
			isa = PBXContainerItemProxy;
			containerPortal = F3D413982A27D6C900308061 /* Project object */;
			proxyType = 1;
			remoteGlobalIDString = F3D413A02A27D6C900308061;
			remoteInfo = Presentation;
		};
/* End PBXContainerItemProxy section */

/* Begin PBXFileReference section */
		F3169C372A2A84DF00F48565 /* ItemDetailView.swift */ = {isa = PBXFileReference; lastKnownFileType = sourcecode.swift; path = ItemDetailView.swift; sourceTree = "<group>"; };
		F3169C402A2B91E800F48565 /* CustomAssets.xcassets */ = {isa = PBXFileReference; lastKnownFileType = folder.assetcatalog; name = CustomAssets.xcassets; path = ../../Resources/Resources/CustomAssets.xcassets; sourceTree = "<group>"; };
		F3D413A12A27D6C900308061 /* Presentation.framework */ = {isa = PBXFileReference; explicitFileType = wrapper.framework; includeInIndex = 0; path = Presentation.framework; sourceTree = BUILT_PRODUCTS_DIR; };
		F3D413A42A27D6C900308061 /* Presentation.h */ = {isa = PBXFileReference; lastKnownFileType = sourcecode.c.h; path = Presentation.h; sourceTree = "<group>"; };
		F3D413A52A27D6C900308061 /* Presentation.docc */ = {isa = PBXFileReference; lastKnownFileType = folder.documentationcatalog; path = Presentation.docc; sourceTree = "<group>"; };
		F3D413AB2A27D6C900308061 /* PresentationTests.xctest */ = {isa = PBXFileReference; explicitFileType = wrapper.cfbundle; includeInIndex = 0; path = PresentationTests.xctest; sourceTree = BUILT_PRODUCTS_DIR; };
		F3D413B02A27D6C900308061 /* PresentationTests.swift */ = {isa = PBXFileReference; lastKnownFileType = sourcecode.swift; path = PresentationTests.swift; sourceTree = "<group>"; };
		F3D413BB2A27D6E200308061 /* WideButton.swift */ = {isa = PBXFileReference; lastKnownFileType = sourcecode.swift; path = WideButton.swift; sourceTree = "<group>"; };
		F3D413BE2A27D70500308061 /* Domain.framework */ = {isa = PBXFileReference; explicitFileType = wrapper.framework; path = Domain.framework; sourceTree = BUILT_PRODUCTS_DIR; };
		F3D413BF2A27D70500308061 /* Resources.framework */ = {isa = PBXFileReference; explicitFileType = wrapper.framework; path = Resources.framework; sourceTree = BUILT_PRODUCTS_DIR; };
		F3D413C02A27D70500308061 /* Utilities.framework */ = {isa = PBXFileReference; explicitFileType = wrapper.framework; path = Utilities.framework; sourceTree = BUILT_PRODUCTS_DIR; };
		F3D414152A29133600308061 /* NavigationBarView.swift */ = {isa = PBXFileReference; lastKnownFileType = sourcecode.swift; path = NavigationBarView.swift; sourceTree = "<group>"; };
		F3D414202A2934BC00308061 /* ItemsCollectionView.swift */ = {isa = PBXFileReference; lastKnownFileType = sourcecode.swift; path = ItemsCollectionView.swift; sourceTree = "<group>"; };
		F3E608142A2B99EA00645DB0 /* VStack+Extensions.swift */ = {isa = PBXFileReference; lastKnownFileType = sourcecode.swift; path = "VStack+Extensions.swift"; sourceTree = "<group>"; };
		F3E6081F2A2D113300645DB0 /* PageControl.swift */ = {isa = PBXFileReference; lastKnownFileType = sourcecode.swift; path = PageControl.swift; sourceTree = "<group>"; };
/* End PBXFileReference section */

/* Begin PBXFrameworksBuildPhase section */
		F3D4139E2A27D6C900308061 /* Frameworks */ = {
			isa = PBXFrameworksBuildPhase;
			buildActionMask = 2147483647;
			files = (
				F3D413C32A27D70600308061 /* Resources.framework in Frameworks */,
				F3D413C52A27D70600308061 /* Utilities.framework in Frameworks */,
				F3D413C12A27D70500308061 /* Domain.framework in Frameworks */,
			);
			runOnlyForDeploymentPostprocessing = 0;
		};
		F3D413A82A27D6C900308061 /* Frameworks */ = {
			isa = PBXFrameworksBuildPhase;
			buildActionMask = 2147483647;
			files = (
				F3D413AC2A27D6C900308061 /* Presentation.framework in Frameworks */,
			);
			runOnlyForDeploymentPostprocessing = 0;
		};
/* End PBXFrameworksBuildPhase section */

/* Begin PBXGroup section */
		F3D413972A27D6C900308061 = {
			isa = PBXGroup;
			children = (
				F3D413A32A27D6C900308061 /* Presentation */,
				F3D413AF2A27D6C900308061 /* PresentationTests */,
				F3D413A22A27D6C900308061 /* Products */,
				F3D413BD2A27D70500308061 /* Frameworks */,
			);
			sourceTree = "<group>";
		};
		F3D413A22A27D6C900308061 /* Products */ = {
			isa = PBXGroup;
			children = (
				F3D413A12A27D6C900308061 /* Presentation.framework */,
				F3D413AB2A27D6C900308061 /* PresentationTests.xctest */,
			);
			name = Products;
			sourceTree = "<group>";
		};
		F3D413A32A27D6C900308061 /* Presentation */ = {
			isa = PBXGroup;
			children = (
				F3E608132A2B99DC00645DB0 /* Extensions */,
				F3D414142A29132A00308061 /* Views */,
				F3D413A42A27D6C900308061 /* Presentation.h */,
				F3169C402A2B91E800F48565 /* CustomAssets.xcassets */,
				F3D413A52A27D6C900308061 /* Presentation.docc */,
			);
			path = Presentation;
			sourceTree = "<group>";
		};
		F3D413AF2A27D6C900308061 /* PresentationTests */ = {
			isa = PBXGroup;
			children = (
				F3D413B02A27D6C900308061 /* PresentationTests.swift */,
			);
			path = PresentationTests;
			sourceTree = "<group>";
		};
		F3D413BD2A27D70500308061 /* Frameworks */ = {
			isa = PBXGroup;
			children = (
				F3D413BE2A27D70500308061 /* Domain.framework */,
				F3D413BF2A27D70500308061 /* Resources.framework */,
				F3D413C02A27D70500308061 /* Utilities.framework */,
			);
			name = Frameworks;
			sourceTree = "<group>";
		};
		F3D414142A29132A00308061 /* Views */ = {
			isa = PBXGroup;
			children = (
				F3D413BB2A27D6E200308061 /* WideButton.swift */,
				F3D414152A29133600308061 /* NavigationBarView.swift */,
				F3D414202A2934BC00308061 /* ItemsCollectionView.swift */,
				F3169C372A2A84DF00F48565 /* ItemDetailView.swift */,
				F3E6081F2A2D113300645DB0 /* PageControl.swift */,
			);
			path = Views;
			sourceTree = "<group>";
		};
		F3E608132A2B99DC00645DB0 /* Extensions */ = {
			isa = PBXGroup;
			children = (
				F3E608142A2B99EA00645DB0 /* VStack+Extensions.swift */,
			);
			path = Extensions;
			sourceTree = "<group>";
		};
/* End PBXGroup section */

/* Begin PBXHeadersBuildPhase section */
		F3D4139C2A27D6C900308061 /* Headers */ = {
			isa = PBXHeadersBuildPhase;
			buildActionMask = 2147483647;
			files = (
				F3D413B22A27D6C900308061 /* Presentation.h in Headers */,
			);
			runOnlyForDeploymentPostprocessing = 0;
		};
/* End PBXHeadersBuildPhase section */

/* Begin PBXNativeTarget section */
		F3D413A02A27D6C900308061 /* Presentation */ = {
			isa = PBXNativeTarget;
			buildConfigurationList = F3D413B52A27D6C900308061 /* Build configuration list for PBXNativeTarget "Presentation" */;
			buildPhases = (
				F3D4139C2A27D6C900308061 /* Headers */,
				F3D4139D2A27D6C900308061 /* Sources */,
				F3D4139E2A27D6C900308061 /* Frameworks */,
				F3D4139F2A27D6C900308061 /* Resources */,
			);
			buildRules = (
			);
			dependencies = (
			);
			name = Presentation;
			productName = Presentation;
			productReference = F3D413A12A27D6C900308061 /* Presentation.framework */;
			productType = "com.apple.product-type.framework";
		};
		F3D413AA2A27D6C900308061 /* PresentationTests */ = {
			isa = PBXNativeTarget;
			buildConfigurationList = F3D413B82A27D6C900308061 /* Build configuration list for PBXNativeTarget "PresentationTests" */;
			buildPhases = (
				F3D413A72A27D6C900308061 /* Sources */,
				F3D413A82A27D6C900308061 /* Frameworks */,
				F3D413A92A27D6C900308061 /* Resources */,
			);
			buildRules = (
			);
			dependencies = (
				F3D413AE2A27D6C900308061 /* PBXTargetDependency */,
			);
			name = PresentationTests;
			productName = PresentationTests;
			productReference = F3D413AB2A27D6C900308061 /* PresentationTests.xctest */;
			productType = "com.apple.product-type.bundle.unit-test";
		};
/* End PBXNativeTarget section */

/* Begin PBXProject section */
		F3D413982A27D6C900308061 /* Project object */ = {
			isa = PBXProject;
			attributes = {
				BuildIndependentTargetsInParallel = 1;
				LastSwiftUpdateCheck = 1430;
				LastUpgradeCheck = 1430;
				TargetAttributes = {
					F3D413A02A27D6C900308061 = {
						CreatedOnToolsVersion = 14.3;
					};
					F3D413AA2A27D6C900308061 = {
						CreatedOnToolsVersion = 14.3;
					};
				};
			};
			buildConfigurationList = F3D4139B2A27D6C900308061 /* Build configuration list for PBXProject "Presentation" */;
			compatibilityVersion = "Xcode 14.0";
			developmentRegion = en;
			hasScannedForEncodings = 0;
			knownRegions = (
				en,
				Base,
			);
			mainGroup = F3D413972A27D6C900308061;
			productRefGroup = F3D413A22A27D6C900308061 /* Products */;
			projectDirPath = "";
			projectRoot = "";
			targets = (
				F3D413A02A27D6C900308061 /* Presentation */,
				F3D413AA2A27D6C900308061 /* PresentationTests */,
			);
		};
/* End PBXProject section */

/* Begin PBXResourcesBuildPhase section */
		F3D4139F2A27D6C900308061 /* Resources */ = {
			isa = PBXResourcesBuildPhase;
			buildActionMask = 2147483647;
			files = (
				F3169C412A2B91E800F48565 /* CustomAssets.xcassets in Resources */,
			);
			runOnlyForDeploymentPostprocessing = 0;
		};
		F3D413A92A27D6C900308061 /* Resources */ = {
			isa = PBXResourcesBuildPhase;
			buildActionMask = 2147483647;
			files = (
			);
			runOnlyForDeploymentPostprocessing = 0;
		};
/* End PBXResourcesBuildPhase section */

/* Begin PBXSourcesBuildPhase section */
		F3D4139D2A27D6C900308061 /* Sources */ = {
			isa = PBXSourcesBuildPhase;
			buildActionMask = 2147483647;
			files = (
				F3169C382A2A84DF00F48565 /* ItemDetailView.swift in Sources */,
				F3E608202A2D113300645DB0 /* PageControl.swift in Sources */,
				F3E608152A2B99EA00645DB0 /* VStack+Extensions.swift in Sources */,
				F3D413BC2A27D6E200308061 /* WideButton.swift in Sources */,
				F3D413A62A27D6C900308061 /* Presentation.docc in Sources */,
				F3D414212A2934BC00308061 /* ItemsCollectionView.swift in Sources */,
				F3D414162A29133600308061 /* NavigationBarView.swift in Sources */,
			);
			runOnlyForDeploymentPostprocessing = 0;
		};
		F3D413A72A27D6C900308061 /* Sources */ = {
			isa = PBXSourcesBuildPhase;
			buildActionMask = 2147483647;
			files = (
				F3D413B12A27D6C900308061 /* PresentationTests.swift in Sources */,
			);
			runOnlyForDeploymentPostprocessing = 0;
		};
/* End PBXSourcesBuildPhase section */

/* Begin PBXTargetDependency section */
		F3D413AE2A27D6C900308061 /* PBXTargetDependency */ = {
			isa = PBXTargetDependency;
			target = F3D413A02A27D6C900308061 /* Presentation */;
			targetProxy = F3D413AD2A27D6C900308061 /* PBXContainerItemProxy */;
		};
/* End PBXTargetDependency section */

/* Begin XCBuildConfiguration section */
		F3D413B32A27D6C900308061 /* Debug */ = {
			isa = XCBuildConfiguration;
			buildSettings = {
				ALWAYS_SEARCH_USER_PATHS = NO;
				CLANG_ANALYZER_NONNULL = YES;
				CLANG_ANALYZER_NUMBER_OBJECT_CONVERSION = YES_AGGRESSIVE;
				CLANG_CXX_LANGUAGE_STANDARD = "gnu++20";
				CLANG_ENABLE_MODULES = YES;
				CLANG_ENABLE_OBJC_ARC = YES;
				CLANG_ENABLE_OBJC_WEAK = YES;
				CLANG_WARN_BLOCK_CAPTURE_AUTORELEASING = YES;
				CLANG_WARN_BOOL_CONVERSION = YES;
				CLANG_WARN_COMMA = YES;
				CLANG_WARN_CONSTANT_CONVERSION = YES;
				CLANG_WARN_DEPRECATED_OBJC_IMPLEMENTATIONS = YES;
				CLANG_WARN_DIRECT_OBJC_ISA_USAGE = YES_ERROR;
				CLANG_WARN_DOCUMENTATION_COMMENTS = YES;
				CLANG_WARN_EMPTY_BODY = YES;
				CLANG_WARN_ENUM_CONVERSION = YES;
				CLANG_WARN_INFINITE_RECURSION = YES;
				CLANG_WARN_INT_CONVERSION = YES;
				CLANG_WARN_NON_LITERAL_NULL_CONVERSION = YES;
				CLANG_WARN_OBJC_IMPLICIT_RETAIN_SELF = YES;
				CLANG_WARN_OBJC_LITERAL_CONVERSION = YES;
				CLANG_WARN_OBJC_ROOT_CLASS = YES_ERROR;
				CLANG_WARN_QUOTED_INCLUDE_IN_FRAMEWORK_HEADER = YES;
				CLANG_WARN_RANGE_LOOP_ANALYSIS = YES;
				CLANG_WARN_STRICT_PROTOTYPES = YES;
				CLANG_WARN_SUSPICIOUS_MOVE = YES;
				CLANG_WARN_UNGUARDED_AVAILABILITY = YES_AGGRESSIVE;
				CLANG_WARN_UNREACHABLE_CODE = YES;
				CLANG_WARN__DUPLICATE_METHOD_MATCH = YES;
				COPY_PHASE_STRIP = NO;
				CURRENT_PROJECT_VERSION = 1;
				DEBUG_INFORMATION_FORMAT = dwarf;
				ENABLE_STRICT_OBJC_MSGSEND = YES;
				ENABLE_TESTABILITY = YES;
				GCC_C_LANGUAGE_STANDARD = gnu11;
				GCC_DYNAMIC_NO_PIC = NO;
				GCC_NO_COMMON_BLOCKS = YES;
				GCC_OPTIMIZATION_LEVEL = 0;
				GCC_PREPROCESSOR_DEFINITIONS = (
					"DEBUG=1",
					"$(inherited)",
				);
				GCC_WARN_64_TO_32_BIT_CONVERSION = YES;
				GCC_WARN_ABOUT_RETURN_TYPE = YES_ERROR;
				GCC_WARN_UNDECLARED_SELECTOR = YES;
				GCC_WARN_UNINITIALIZED_AUTOS = YES_AGGRESSIVE;
				GCC_WARN_UNUSED_FUNCTION = YES;
				GCC_WARN_UNUSED_VARIABLE = YES;
				IPHONEOS_DEPLOYMENT_TARGET = 16.4;
				MTL_ENABLE_DEBUG_INFO = INCLUDE_SOURCE;
				MTL_FAST_MATH = YES;
				ONLY_ACTIVE_ARCH = YES;
				SDKROOT = iphoneos;
				SWIFT_ACTIVE_COMPILATION_CONDITIONS = DEBUG;
				SWIFT_OPTIMIZATION_LEVEL = "-Onone";
				VERSIONING_SYSTEM = "apple-generic";
				VERSION_INFO_PREFIX = "";
			};
			name = Debug;
		};
		F3D413B42A27D6C900308061 /* Release */ = {
			isa = XCBuildConfiguration;
			buildSettings = {
				ALWAYS_SEARCH_USER_PATHS = NO;
				CLANG_ANALYZER_NONNULL = YES;
				CLANG_ANALYZER_NUMBER_OBJECT_CONVERSION = YES_AGGRESSIVE;
				CLANG_CXX_LANGUAGE_STANDARD = "gnu++20";
				CLANG_ENABLE_MODULES = YES;
				CLANG_ENABLE_OBJC_ARC = YES;
				CLANG_ENABLE_OBJC_WEAK = YES;
				CLANG_WARN_BLOCK_CAPTURE_AUTORELEASING = YES;
				CLANG_WARN_BOOL_CONVERSION = YES;
				CLANG_WARN_COMMA = YES;
				CLANG_WARN_CONSTANT_CONVERSION = YES;
				CLANG_WARN_DEPRECATED_OBJC_IMPLEMENTATIONS = YES;
				CLANG_WARN_DIRECT_OBJC_ISA_USAGE = YES_ERROR;
				CLANG_WARN_DOCUMENTATION_COMMENTS = YES;
				CLANG_WARN_EMPTY_BODY = YES;
				CLANG_WARN_ENUM_CONVERSION = YES;
				CLANG_WARN_INFINITE_RECURSION = YES;
				CLANG_WARN_INT_CONVERSION = YES;
				CLANG_WARN_NON_LITERAL_NULL_CONVERSION = YES;
				CLANG_WARN_OBJC_IMPLICIT_RETAIN_SELF = YES;
				CLANG_WARN_OBJC_LITERAL_CONVERSION = YES;
				CLANG_WARN_OBJC_ROOT_CLASS = YES_ERROR;
				CLANG_WARN_QUOTED_INCLUDE_IN_FRAMEWORK_HEADER = YES;
				CLANG_WARN_RANGE_LOOP_ANALYSIS = YES;
				CLANG_WARN_STRICT_PROTOTYPES = YES;
				CLANG_WARN_SUSPICIOUS_MOVE = YES;
				CLANG_WARN_UNGUARDED_AVAILABILITY = YES_AGGRESSIVE;
				CLANG_WARN_UNREACHABLE_CODE = YES;
				CLANG_WARN__DUPLICATE_METHOD_MATCH = YES;
				COPY_PHASE_STRIP = NO;
				CURRENT_PROJECT_VERSION = 1;
				DEBUG_INFORMATION_FORMAT = "dwarf-with-dsym";
				ENABLE_NS_ASSERTIONS = NO;
				ENABLE_STRICT_OBJC_MSGSEND = YES;
				GCC_C_LANGUAGE_STANDARD = gnu11;
				GCC_NO_COMMON_BLOCKS = YES;
				GCC_WARN_64_TO_32_BIT_CONVERSION = YES;
				GCC_WARN_ABOUT_RETURN_TYPE = YES_ERROR;
				GCC_WARN_UNDECLARED_SELECTOR = YES;
				GCC_WARN_UNINITIALIZED_AUTOS = YES_AGGRESSIVE;
				GCC_WARN_UNUSED_FUNCTION = YES;
				GCC_WARN_UNUSED_VARIABLE = YES;
				IPHONEOS_DEPLOYMENT_TARGET = 16.4;
				MTL_ENABLE_DEBUG_INFO = NO;
				MTL_FAST_MATH = YES;
				SDKROOT = iphoneos;
				SWIFT_COMPILATION_MODE = wholemodule;
				SWIFT_OPTIMIZATION_LEVEL = "-O";
				VALIDATE_PRODUCT = YES;
				VERSIONING_SYSTEM = "apple-generic";
				VERSION_INFO_PREFIX = "";
			};
			name = Release;
		};
		F3D413B62A27D6C900308061 /* Debug */ = {
			isa = XCBuildConfiguration;
			buildSettings = {
				CODE_SIGN_STYLE = Automatic;
				CURRENT_PROJECT_VERSION = 1;
				DEFINES_MODULE = YES;
				DYLIB_COMPATIBILITY_VERSION = 1;
				DYLIB_CURRENT_VERSION = 1;
				DYLIB_INSTALL_NAME_BASE = "@rpath";
				ENABLE_MODULE_VERIFIER = YES;
				GENERATE_INFOPLIST_FILE = YES;
				INFOPLIST_KEY_NSHumanReadableCopyright = "";
				INSTALL_PATH = "$(LOCAL_LIBRARY_DIR)/Frameworks";
				IPHONEOS_DEPLOYMENT_TARGET = 15.0;
				LD_RUNPATH_SEARCH_PATHS = (
					"$(inherited)",
					"@executable_path/Frameworks",
					"@loader_path/Frameworks",
				);
				MARKETING_VERSION = 1.0;
				MODULE_VERIFIER_SUPPORTED_LANGUAGES = "objective-c objective-c++";
				MODULE_VERIFIER_SUPPORTED_LANGUAGE_STANDARDS = "gnu11 gnu++20";
				PRODUCT_BUNDLE_IDENTIFIER = com.warrd.adlani.Presentation;
				PRODUCT_NAME = "$(TARGET_NAME:c99extidentifier)";
				SKIP_INSTALL = YES;
				SUPPORTED_PLATFORMS = "iphoneos iphonesimulator";
				SUPPORTS_MACCATALYST = NO;
				SUPPORTS_MAC_DESIGNED_FOR_IPHONE_IPAD = NO;
				SWIFT_EMIT_LOC_STRINGS = YES;
				SWIFT_VERSION = 5.0;
				TARGETED_DEVICE_FAMILY = "1,2";
			};
			name = Debug;
		};
		F3D413B72A27D6C900308061 /* Release */ = {
			isa = XCBuildConfiguration;
			buildSettings = {
				CODE_SIGN_STYLE = Automatic;
				CURRENT_PROJECT_VERSION = 1;
				DEFINES_MODULE = YES;
				DYLIB_COMPATIBILITY_VERSION = 1;
				DYLIB_CURRENT_VERSION = 1;
				DYLIB_INSTALL_NAME_BASE = "@rpath";
				ENABLE_MODULE_VERIFIER = YES;
				GENERATE_INFOPLIST_FILE = YES;
				INFOPLIST_KEY_NSHumanReadableCopyright = "";
				INSTALL_PATH = "$(LOCAL_LIBRARY_DIR)/Frameworks";
				IPHONEOS_DEPLOYMENT_TARGET = 15.0;
				LD_RUNPATH_SEARCH_PATHS = (
					"$(inherited)",
					"@executable_path/Frameworks",
					"@loader_path/Frameworks",
				);
				MARKETING_VERSION = 1.0;
				MODULE_VERIFIER_SUPPORTED_LANGUAGES = "objective-c objective-c++";
				MODULE_VERIFIER_SUPPORTED_LANGUAGE_STANDARDS = "gnu11 gnu++20";
				PRODUCT_BUNDLE_IDENTIFIER = com.warrd.adlani.Presentation;
				PRODUCT_NAME = "$(TARGET_NAME:c99extidentifier)";
				SKIP_INSTALL = YES;
				SUPPORTED_PLATFORMS = "iphoneos iphonesimulator";
				SUPPORTS_MACCATALYST = NO;
				SUPPORTS_MAC_DESIGNED_FOR_IPHONE_IPAD = NO;
				SWIFT_EMIT_LOC_STRINGS = YES;
				SWIFT_VERSION = 5.0;
				TARGETED_DEVICE_FAMILY = "1,2";
			};
			name = Release;
		};
		F3D413B92A27D6C900308061 /* Debug */ = {
			isa = XCBuildConfiguration;
			buildSettings = {
				ALWAYS_EMBED_SWIFT_STANDARD_LIBRARIES = YES;
				CODE_SIGN_STYLE = Automatic;
				CURRENT_PROJECT_VERSION = 1;
				GENERATE_INFOPLIST_FILE = YES;
				MARKETING_VERSION = 1.0;
				PRODUCT_BUNDLE_IDENTIFIER = com.warrd.adlani.PresentationTests;
				PRODUCT_NAME = "$(TARGET_NAME)";
				SWIFT_EMIT_LOC_STRINGS = NO;
				SWIFT_VERSION = 5.0;
				TARGETED_DEVICE_FAMILY = "1,2";
			};
			name = Debug;
		};
		F3D413BA2A27D6C900308061 /* Release */ = {
			isa = XCBuildConfiguration;
			buildSettings = {
				ALWAYS_EMBED_SWIFT_STANDARD_LIBRARIES = YES;
				CODE_SIGN_STYLE = Automatic;
				CURRENT_PROJECT_VERSION = 1;
				GENERATE_INFOPLIST_FILE = YES;
				MARKETING_VERSION = 1.0;
				PRODUCT_BUNDLE_IDENTIFIER = com.warrd.adlani.PresentationTests;
				PRODUCT_NAME = "$(TARGET_NAME)";
				SWIFT_EMIT_LOC_STRINGS = NO;
				SWIFT_VERSION = 5.0;
				TARGETED_DEVICE_FAMILY = "1,2";
			};
			name = Release;
		};
/* End XCBuildConfiguration section */

/* Begin XCConfigurationList section */
		F3D4139B2A27D6C900308061 /* Build configuration list for PBXProject "Presentation" */ = {
			isa = XCConfigurationList;
			buildConfigurations = (
				F3D413B32A27D6C900308061 /* Debug */,
				F3D413B42A27D6C900308061 /* Release */,
			);
			defaultConfigurationIsVisible = 0;
			defaultConfigurationName = Release;
		};
		F3D413B52A27D6C900308061 /* Build configuration list for PBXNativeTarget "Presentation" */ = {
			isa = XCConfigurationList;
			buildConfigurations = (
				F3D413B62A27D6C900308061 /* Debug */,
				F3D413B72A27D6C900308061 /* Release */,
			);
			defaultConfigurationIsVisible = 0;
			defaultConfigurationName = Release;
		};
		F3D413B82A27D6C900308061 /* Build configuration list for PBXNativeTarget "PresentationTests" */ = {
			isa = XCConfigurationList;
			buildConfigurations = (
				F3D413B92A27D6C900308061 /* Debug */,
				F3D413BA2A27D6C900308061 /* Release */,
			);
			defaultConfigurationIsVisible = 0;
			defaultConfigurationName = Release;
		};
/* End XCConfigurationList section */
	};
	rootObject = F3D413982A27D6C900308061 /* Project object */;
}
